
Microsoft Visual Studio Solution File, Format Version 12.00
# Visual Studio Version 17
VisualStudioVersion = 17.8.34330.188
MinimumVisualStudioVersion = 10.0.40219.1
Project("{9A19103F-16F7-4668-BE54-9A1E7A4F7556}") = "ZooManager", "ZooManager\ZooManager.csproj", "{D703EF67-573C-4BC8-9A47-47E866A57BCF}"
EndProject
Project("{9A19103F-16F7-4668-BE54-9A1E7A4F7556}") = "ZooManager.Api", "ZooManager.Api\ZooManager.Api.csproj", "{DE817E28-F5A2-491B-8C41-469FBD2BA07F}"
EndProject
Project("{9A19103F-16F7-4668-BE54-9A1E7A4F7556}") = "ZooManager.Data", "ZooManager.Data\ZooManager.Data.csproj", "{8E0E4B19-B449-4323-A2A5-BDF3B731CEF4}"
EndProject
Global
	GlobalSection(SolutionConfigurationPlatforms) = preSolution
		Debug|Any CPU = Debug|Any CPU
		Release|Any CPU = Release|Any CPU
	EndGlobalSection
	GlobalSection(ProjectConfigurationPlatforms) = postSolution
		{D703EF67-573C-4BC8-9A47-47E866A57BCF}.Debug|Any CPU.ActiveCfg = Debug|Any CPU
		{D703EF67-573C-4BC8-9A47-47E866A57BCF}.Debug|Any CPU.Build.0 = Debug|Any CPU
		{D703EF67-573C-4BC8-9A47-47E866A57BCF}.Release|Any CPU.ActiveCfg = Release|Any CPU
		{D703EF67-573C-4BC8-9A47-47E866A57BCF}.Release|Any CPU.Build.0 = Release|Any CPU
		{DE817E28-F5A2-491B-8C41-469FBD2BA07F}.Debug|Any CPU.ActiveCfg = Debug|Any CPU
		{DE817E28-F5A2-491B-8C41-469FBD2BA07F}.Debug|Any CPU.Build.0 = Debug|Any CPU
		{DE817E28-F5A2-491B-8C41-469FBD2BA07F}.Release|Any CPU.ActiveCfg = Release|Any CPU
		{DE817E28-F5A2-491B-8C41-469FBD2BA07F}.Release|Any CPU.Build.0 = Release|Any CPU
		{8E0E4B19-B449-4323-A2A5-BDF3B731CEF4}.Debug|Any CPU.ActiveCfg = Debug|Any CPU
		{8E0E4B19-B449-4323-A2A5-BDF3B731CEF4}.Debug|Any CPU.Build.0 = Debug|Any CPU
		{8E0E4B19-B449-4323-A2A5-BDF3B731CEF4}.Release|Any CPU.ActiveCfg = Release|Any CPU
		{8E0E4B19-B449-4323-A2A5-BDF3B731CEF4}.Release|Any CPU.Build.0 = Release|Any CPU
	EndGlobalSection
	GlobalSection(SolutionProperties) = preSolution
		HideSolutionNode = FALSE
	EndGlobalSection
	GlobalSection(ExtensibilityGlobals) = postSolution
		SolutionGuid = {26BDDC94-82DA-4CE5-8110-2F4ED4205D36}
	EndGlobalSection
EndGlobal
